
Microsoft Visual Studio Solution File, Format Version 12.00
Project("{FAE04EC0-301F-11D3-BF4B-00C04F79EFBC}") = "AirQuality", "src\AirQuality\AirQuality.csproj", "{589CEC03-409A-4D44-AC2F-3DD1C915A95F}"
EndProject
Project("{FAE04EC0-301F-11D3-BF4B-00C04F79EFBC}") = "AirQuality.DataLayer", "src\AirQuality.DataLayer\AirQuality.DataLayer.csproj", "{22C6E568-5702-4337-BE7A-7C25596A3DFF}"
EndProject
Project("{FAE04EC0-301F-11D3-BF4B-00C04F79EFBC}") = "AirQuality.Common", "src\AirQuality.Common\AirQuality.Common.csproj", "{84DA125F-CE38-4647-8435-D1EC0794232A}"
EndProject
Project("{2150E333-8FDC-42A3-9474-1A3956D46DE8}") = "Solution Files", "Solution Files", "{B53ED6C1-0E7D-47ED-8A8C-F34298049E2D}"
	ProjectSection(SolutionItems) = preProject
		README.md = README.md
		.gitignore = .gitignore
		sql\create-tables.sql = sql\create-tables.sql
		sql\example-queries.sql = sql\example-queries.sql
	EndProjectSection
EndProject
Project("{FAE04EC0-301F-11D3-BF4B-00C04F79EFBC}") = "AirQuality.Console", "src\AirQuality.Console\AirQuality.Console.csproj", "{30D6A4FC-9C4B-4F09-B1E5-EA942843ACE1}"
EndProject
Global
	GlobalSection(SolutionConfigurationPlatforms) = preSolution
		Debug|Any CPU = Debug|Any CPU
		Release|Any CPU = Release|Any CPU
	EndGlobalSection
	GlobalSection(ProjectConfigurationPlatforms) = postSolution
		{589CEC03-409A-4D44-AC2F-3DD1C915A95F}.Debug|Any CPU.ActiveCfg = Debug|Any CPU
		{589CEC03-409A-4D44-AC2F-3DD1C915A95F}.Debug|Any CPU.Build.0 = Debug|Any CPU
		{589CEC03-409A-4D44-AC2F-3DD1C915A95F}.Release|Any CPU.ActiveCfg = Release|Any CPU
		{589CEC03-409A-4D44-AC2F-3DD1C915A95F}.Release|Any CPU.Build.0 = Release|Any CPU
		{22C6E568-5702-4337-BE7A-7C25596A3DFF}.Debug|Any CPU.ActiveCfg = Debug|Any CPU
		{22C6E568-5702-4337-BE7A-7C25596A3DFF}.Debug|Any CPU.Build.0 = Debug|Any CPU
		{22C6E568-5702-4337-BE7A-7C25596A3DFF}.Release|Any CPU.ActiveCfg = Release|Any CPU
		{22C6E568-5702-4337-BE7A-7C25596A3DFF}.Release|Any CPU.Build.0 = Release|Any CPU
		{84DA125F-CE38-4647-8435-D1EC0794232A}.Debug|Any CPU.ActiveCfg = Debug|Any CPU
		{84DA125F-CE38-4647-8435-D1EC0794232A}.Debug|Any CPU.Build.0 = Debug|Any CPU
		{84DA125F-CE38-4647-8435-D1EC0794232A}.Release|Any CPU.ActiveCfg = Release|Any CPU
		{84DA125F-CE38-4647-8435-D1EC0794232A}.Release|Any CPU.Build.0 = Release|Any CPU
		{30D6A4FC-9C4B-4F09-B1E5-EA942843ACE1}.Debug|Any CPU.ActiveCfg = Debug|Any CPU
		{30D6A4FC-9C4B-4F09-B1E5-EA942843ACE1}.Debug|Any CPU.Build.0 = Debug|Any CPU
		{30D6A4FC-9C4B-4F09-B1E5-EA942843ACE1}.Release|Any CPU.ActiveCfg = Release|Any CPU
		{30D6A4FC-9C4B-4F09-B1E5-EA942843ACE1}.Release|Any CPU.Build.0 = Release|Any CPU
	EndGlobalSection
EndGlobal
